// !$*UTF8*$!
{
	archiveVersion = 1;
	classes = {
	};
	objectVersion = 46;
	objects = {

/* Begin PBXBuildFile section */
		180D41DA1E82333F007BD3FC /* AppDelegate.swift in Sources */ = {isa = PBXBuildFile; fileRef = 180D41D91E82333F007BD3FC /* AppDelegate.swift */; };
		180D41DC1E82333F007BD3FC /* ViewController.swift in Sources */ = {isa = PBXBuildFile; fileRef = 180D41DB1E82333F007BD3FC /* ViewController.swift */; };
		180D41DF1E82333F007BD3FC /* Main.storyboard in Resources */ = {isa = PBXBuildFile; fileRef = 180D41DD1E82333F007BD3FC /* Main.storyboard */; };
		180D41E11E82333F007BD3FC /* Assets.xcassets in Resources */ = {isa = PBXBuildFile; fileRef = 180D41E01E82333F007BD3FC /* Assets.xcassets */; };
		180D41E41E82333F007BD3FC /* LaunchScreen.storyboard in Resources */ = {isa = PBXBuildFile; fileRef = 180D41E21E82333F007BD3FC /* LaunchScreen.storyboard */; };
		180D41EF1E82333F007BD3FC /* iOSDecalAppPrototypeTests.swift in Sources */ = {isa = PBXBuildFile; fileRef = 180D41EE1E82333F007BD3FC /* iOSDecalAppPrototypeTests.swift */; };
		389106B83FE8DCB6DC673E74 /* Pods_iOSDecalAppPrototypeTests.framework in Frameworks */ = {isa = PBXBuildFile; fileRef = 2649AF521182E480A4122DFC /* Pods_iOSDecalAppPrototypeTests.framework */; };
		C4319F586297EB098FCE76BA /* Pods_iOSDecalAppPrototype.framework in Frameworks */ = {isa = PBXBuildFile; fileRef = 7D2AD2316F0BE74746270BDA /* Pods_iOSDecalAppPrototype.framework */; };
/* End PBXBuildFile section */

/* Begin PBXContainerItemProxy section */
		180D41EB1E82333F007BD3FC /* PBXContainerItemProxy */ = {
			isa = PBXContainerItemProxy;
			containerPortal = 180D41CE1E82333F007BD3FC /* Project object */;
			proxyType = 1;
			remoteGlobalIDString = 180D41D51E82333F007BD3FC;
			remoteInfo = iOSDecalAppPrototype;
		};
/* End PBXContainerItemProxy section */

/* Begin PBXFileReference section */
		180D41D61E82333F007BD3FC /* iOSDecalAppPrototype.app */ = {isa = PBXFileReference; explicitFileType = wrapper.application; includeInIndex = 0; path = iOSDecalAppPrototype.app; sourceTree = BUILT_PRODUCTS_DIR; };
		180D41D91E82333F007BD3FC /* AppDelegate.swift */ = {isa = PBXFileReference; lastKnownFileType = sourcecode.swift; path = AppDelegate.swift; sourceTree = "<group>"; };
		180D41DB1E82333F007BD3FC /* ViewController.swift */ = {isa = PBXFileReference; lastKnownFileType = sourcecode.swift; path = ViewController.swift; sourceTree = "<group>"; };
		180D41DE1E82333F007BD3FC /* Base */ = {isa = PBXFileReference; lastKnownFileType = file.storyboard; name = Base; path = Base.lproj/Main.storyboard; sourceTree = "<group>"; };
		180D41E01E82333F007BD3FC /* Assets.xcassets */ = {isa = PBXFileReference; lastKnownFileType = folder.assetcatalog; path = Assets.xcassets; sourceTree = "<group>"; };
		180D41E31E82333F007BD3FC /* Base */ = {isa = PBXFileReference; lastKnownFileType = file.storyboard; name = Base; path = Base.lproj/LaunchScreen.storyboard; sourceTree = "<group>"; };
		180D41E51E82333F007BD3FC /* Info.plist */ = {isa = PBXFileReference; lastKnownFileType = text.plist.xml; path = Info.plist; sourceTree = "<group>"; };
		180D41EA1E82333F007BD3FC /* iOSDecalAppPrototypeTests.xctest */ = {isa = PBXFileReference; explicitFileType = wrapper.cfbundle; includeInIndex = 0; path = iOSDecalAppPrototypeTests.xctest; sourceTree = BUILT_PRODUCTS_DIR; };
		180D41EE1E82333F007BD3FC /* iOSDecalAppPrototypeTests.swift */ = {isa = PBXFileReference; lastKnownFileType = sourcecode.swift; path = iOSDecalAppPrototypeTests.swift; sourceTree = "<group>"; };
		180D41F01E82333F007BD3FC /* Info.plist */ = {isa = PBXFileReference; lastKnownFileType = text.plist.xml; path = Info.plist; sourceTree = "<group>"; };
		256AECD2CA12FEC458FBEA88 /* Pods-iOSDecalAppPrototype.release.xcconfig */ = {isa = PBXFileReference; includeInIndex = 1; lastKnownFileType = text.xcconfig; name = "Pods-iOSDecalAppPrototype.release.xcconfig"; path = "Pods/Target Support Files/Pods-iOSDecalAppPrototype/Pods-iOSDecalAppPrototype.release.xcconfig"; sourceTree = "<group>"; };
		2649AF521182E480A4122DFC /* Pods_iOSDecalAppPrototypeTests.framework */ = {isa = PBXFileReference; explicitFileType = wrapper.framework; includeInIndex = 0; path = Pods_iOSDecalAppPrototypeTests.framework; sourceTree = BUILT_PRODUCTS_DIR; };
		49783616C41908B5BFD934B8 /* Pods-iOSDecalAppPrototypeTests.release.xcconfig */ = {isa = PBXFileReference; includeInIndex = 1; lastKnownFileType = text.xcconfig; name = "Pods-iOSDecalAppPrototypeTests.release.xcconfig"; path = "Pods/Target Support Files/Pods-iOSDecalAppPrototypeTests/Pods-iOSDecalAppPrototypeTests.release.xcconfig"; sourceTree = "<group>"; };
		7D2AD2316F0BE74746270BDA /* Pods_iOSDecalAppPrototype.framework */ = {isa = PBXFileReference; explicitFileType = wrapper.framework; includeInIndex = 0; path = Pods_iOSDecalAppPrototype.framework; sourceTree = BUILT_PRODUCTS_DIR; };
		B299424D56F560026563F3C7 /* Pods-iOSDecalAppPrototypeTests.debug.xcconfig */ = {isa = PBXFileReference; includeInIndex = 1; lastKnownFileType = text.xcconfig; name = "Pods-iOSDecalAppPrototypeTests.debug.xcconfig"; path = "Pods/Target Support Files/Pods-iOSDecalAppPrototypeTests/Pods-iOSDecalAppPrototypeTests.debug.xcconfig"; sourceTree = "<group>"; };
		B435581A068D1D73282DB80C /* Pods-iOSDecalAppPrototype.debug.xcconfig */ = {isa = PBXFileReference; includeInIndex = 1; lastKnownFileType = text.xcconfig; name = "Pods-iOSDecalAppPrototype.debug.xcconfig"; path = "Pods/Target Support Files/Pods-iOSDecalAppPrototype/Pods-iOSDecalAppPrototype.debug.xcconfig"; sourceTree = "<group>"; };
/* End PBXFileReference section */

/* Begin PBXFrameworksBuildPhase section */
		180D41D31E82333F007BD3FC /* Frameworks */ = {
			isa = PBXFrameworksBuildPhase;
			buildActionMask = 2147483647;
			files = (
				C4319F586297EB098FCE76BA /* Pods_iOSDecalAppPrototype.framework in Frameworks */,
			);
			runOnlyForDeploymentPostprocessing = 0;
		};
		180D41E71E82333F007BD3FC /* Frameworks */ = {
			isa = PBXFrameworksBuildPhase;
			buildActionMask = 2147483647;
			files = (
				389106B83FE8DCB6DC673E74 /* Pods_iOSDecalAppPrototypeTests.framework in Frameworks */,
			);
			runOnlyForDeploymentPostprocessing = 0;
		};
/* End PBXFrameworksBuildPhase section */

/* Begin PBXGroup section */
		047174B9F89F00530C78A44F /* Frameworks */ = {
			isa = PBXGroup;
			children = (
				7D2AD2316F0BE74746270BDA /* Pods_iOSDecalAppPrototype.framework */,
				2649AF521182E480A4122DFC /* Pods_iOSDecalAppPrototypeTests.framework */,
			);
			name = Frameworks;
			sourceTree = "<group>";
		};
		180D41CD1E82333F007BD3FC = {
			isa = PBXGroup;
			children = (
				180D41D81E82333F007BD3FC /* iOSDecalAppPrototype */,
				180D41ED1E82333F007BD3FC /* iOSDecalAppPrototypeTests */,
				180D41D71E82333F007BD3FC /* Products */,
				A3C1C57D355334E99DCCB693 /* Pods */,
				047174B9F89F00530C78A44F /* Frameworks */,
			);
			sourceTree = "<group>";
		};
		180D41D71E82333F007BD3FC /* Products */ = {
			isa = PBXGroup;
			children = (
				180D41D61E82333F007BD3FC /* iOSDecalAppPrototype.app */,
				180D41EA1E82333F007BD3FC /* iOSDecalAppPrototypeTests.xctest */,
			);
			name = Products;
			sourceTree = "<group>";
		};
		180D41D81E82333F007BD3FC /* iOSDecalAppPrototype */ = {
			isa = PBXGroup;
			children = (
				180D41D91E82333F007BD3FC /* AppDelegate.swift */,
				180D41DB1E82333F007BD3FC /* ViewController.swift */,
				180D41DD1E82333F007BD3FC /* Main.storyboard */,
				180D41E01E82333F007BD3FC /* Assets.xcassets */,
				180D41E21E82333F007BD3FC /* LaunchScreen.storyboard */,
				180D41E51E82333F007BD3FC /* Info.plist */,
			);
			path = iOSDecalAppPrototype;
			sourceTree = "<group>";
		};
		180D41ED1E82333F007BD3FC /* iOSDecalAppPrototypeTests */ = {
			isa = PBXGroup;
			children = (
				180D41EE1E82333F007BD3FC /* iOSDecalAppPrototypeTests.swift */,
				180D41F01E82333F007BD3FC /* Info.plist */,
			);
			path = iOSDecalAppPrototypeTests;
			sourceTree = "<group>";
		};
		A3C1C57D355334E99DCCB693 /* Pods */ = {
			isa = PBXGroup;
			children = (
				B435581A068D1D73282DB80C /* Pods-iOSDecalAppPrototype.debug.xcconfig */,
				256AECD2CA12FEC458FBEA88 /* Pods-iOSDecalAppPrototype.release.xcconfig */,
				B299424D56F560026563F3C7 /* Pods-iOSDecalAppPrototypeTests.debug.xcconfig */,
				49783616C41908B5BFD934B8 /* Pods-iOSDecalAppPrototypeTests.release.xcconfig */,
			);
			name = Pods;
			sourceTree = "<group>";
		};
/* End PBXGroup section */

/* Begin PBXNativeTarget section */
		180D41D51E82333F007BD3FC /* iOSDecalAppPrototype */ = {
			isa = PBXNativeTarget;
			buildConfigurationList = 180D41F31E82333F007BD3FC /* Build configuration list for PBXNativeTarget "iOSDecalAppPrototype" */;
			buildPhases = (
				4447E626AC4E25E98645717A /* [CP] Check Pods Manifest.lock */,
				180D41D21E82333F007BD3FC /* Sources */,
				180D41D31E82333F007BD3FC /* Frameworks */,
				180D41D41E82333F007BD3FC /* Resources */,
				750913EE58B3F03BD1794744 /* [CP] Embed Pods Frameworks */,
				1F7BCA3A153A77B20F6387AE /* [CP] Copy Pods Resources */,
			);
			buildRules = (
			);
			dependencies = (
			);
			name = iOSDecalAppPrototype;
			productName = iOSDecalAppPrototype;
			productReference = 180D41D61E82333F007BD3FC /* iOSDecalAppPrototype.app */;
			productType = "com.apple.product-type.application";
		};
		180D41E91E82333F007BD3FC /* iOSDecalAppPrototypeTests */ = {
			isa = PBXNativeTarget;
			buildConfigurationList = 180D41F61E82333F007BD3FC /* Build configuration list for PBXNativeTarget "iOSDecalAppPrototypeTests" */;
			buildPhases = (
				B1B1BB5DF67E302868D7F9A0 /* [CP] Check Pods Manifest.lock */,
				180D41E61E82333F007BD3FC /* Sources */,
				180D41E71E82333F007BD3FC /* Frameworks */,
				180D41E81E82333F007BD3FC /* Resources */,
				CDA9AEC31D2A40A30F96EA80 /* [CP] Embed Pods Frameworks */,
				7B5598AC16E806DEFCE60B90 /* [CP] Copy Pods Resources */,
			);
			buildRules = (
			);
			dependencies = (
				180D41EC1E82333F007BD3FC /* PBXTargetDependency */,
			);
			name = iOSDecalAppPrototypeTests;
			productName = iOSDecalAppPrototypeTests;
			productReference = 180D41EA1E82333F007BD3FC /* iOSDecalAppPrototypeTests.xctest */;
			productType = "com.apple.product-type.bundle.unit-test";
		};
/* End PBXNativeTarget section */

/* Begin PBXProject section */
		180D41CE1E82333F007BD3FC /* Project object */ = {
			isa = PBXProject;
			attributes = {
				LastSwiftUpdateCheck = 0820;
				LastUpgradeCheck = 0820;
				ORGANIZATIONNAME = "Rexana Church";
				TargetAttributes = {
					180D41D51E82333F007BD3FC = {
						CreatedOnToolsVersion = 8.2.1;
						ProvisioningStyle = Automatic;
					};
					180D41E91E82333F007BD3FC = {
						CreatedOnToolsVersion = 8.2.1;
						ProvisioningStyle = Automatic;
						TestTargetID = 180D41D51E82333F007BD3FC;
					};
				};
			};
			buildConfigurationList = 180D41D11E82333F007BD3FC /* Build configuration list for PBXProject "iOSDecalAppPrototype" */;
			compatibilityVersion = "Xcode 3.2";
			developmentRegion = English;
			hasScannedForEncodings = 0;
			knownRegions = (
				en,
				Base,
			);
			mainGroup = 180D41CD1E82333F007BD3FC;
			productRefGroup = 180D41D71E82333F007BD3FC /* Products */;
			projectDirPath = "";
			projectRoot = "";
			targets = (
				180D41D51E82333F007BD3FC /* iOSDecalAppPrototype */,
				180D41E91E82333F007BD3FC /* iOSDecalAppPrototypeTests */,
			);
		};
/* End PBXProject section */

/* Begin PBXResourcesBuildPhase section */
		180D41D41E82333F007BD3FC /* Resources */ = {
			isa = PBXResourcesBuildPhase;
			buildActionMask = 2147483647;
			files = (
				180D41E41E82333F007BD3FC /* LaunchScreen.storyboard in Resources */,
				180D41E11E82333F007BD3FC /* Assets.xcassets in Resources */,
				180D41DF1E82333F007BD3FC /* Main.storyboard in Resources */,
			);
			runOnlyForDeploymentPostprocessing = 0;
		};
		180D41E81E82333F007BD3FC /* Resources */ = {
			isa = PBXResourcesBuildPhase;
			buildActionMask = 2147483647;
			files = (
			);
			runOnlyForDeploymentPostprocessing = 0;
		};
/* End PBXResourcesBuildPhase section */

/* Begin PBXShellScriptBuildPhase section */
		1F7BCA3A153A77B20F6387AE /* [CP] Copy Pods Resources */ = {
			isa = PBXShellScriptBuildPhase;
			buildActionMask = 2147483647;
			files = (
			);
			inputPaths = (
			);
			name = "[CP] Copy Pods Resources";
			outputPaths = (
			);
			runOnlyForDeploymentPostprocessing = 0;
			shellPath = /bin/sh;
			shellScript = "\"${SRCROOT}/Pods/Target Support Files/Pods-iOSDecalAppPrototype/Pods-iOSDecalAppPrototype-resources.sh\"\n";
			showEnvVarsInLog = 0;
		};
		4447E626AC4E25E98645717A /* [CP] Check Pods Manifest.lock */ = {
			isa = PBXShellScriptBuildPhase;
			buildActionMask = 2147483647;
			files = (
			);
			inputPaths = (
			);
			name = "[CP] Check Pods Manifest.lock";
			outputPaths = (
			);
			runOnlyForDeploymentPostprocessing = 0;
			shellPath = /bin/sh;
			shellScript = "diff \"${PODS_ROOT}/../Podfile.lock\" \"${PODS_ROOT}/Manifest.lock\" > /dev/null\nif [ $? != 0 ] ; then\n    # print error to STDERR\n    echo \"error: The sandbox is not in sync with the Podfile.lock. Run 'pod install' or update your CocoaPods installation.\" >&2\n    exit 1\nfi\n";
			showEnvVarsInLog = 0;
		};
		750913EE58B3F03BD1794744 /* [CP] Embed Pods Frameworks */ = {
			isa = PBXShellScriptBuildPhase;
			buildActionMask = 2147483647;
			files = (
			);
			inputPaths = (
			);
			name = "[CP] Embed Pods Frameworks";
			outputPaths = (
			);
			runOnlyForDeploymentPostprocessing = 0;
			shellPath = /bin/sh;
			shellScript = "\"${SRCROOT}/Pods/Target Support Files/Pods-iOSDecalAppPrototype/Pods-iOSDecalAppPrototype-frameworks.sh\"\n";
			showEnvVarsInLog = 0;
		};
		7B5598AC16E806DEFCE60B90 /* [CP] Copy Pods Resources */ = {
			isa = PBXShellScriptBuildPhase;
			buildActionMask = 2147483647;
			files = (
			);
			inputPaths = (
			);
			name = "[CP] Copy Pods Resources";
			outputPaths = (
			);
			runOnlyForDeploymentPostprocessing = 0;
			shellPath = /bin/sh;
			shellScript = "\"${SRCROOT}/Pods/Target Support Files/Pods-iOSDecalAppPrototypeTests/Pods-iOSDecalAppPrototypeTests-resources.sh\"\n";
			showEnvVarsInLog = 0;
		};
		B1B1BB5DF67E302868D7F9A0 /* [CP] Check Pods Manifest.lock */ = {
			isa = PBXShellScriptBuildPhase;
			buildActionMask = 2147483647;
			files = (
			);
			inputPaths = (
			);
			name = "[CP] Check Pods Manifest.lock";
			outputPaths = (
			);
			runOnlyForDeploymentPostprocessing = 0;
			shellPath = /bin/sh;
			shellScript = "diff \"${PODS_ROOT}/../Podfile.lock\" \"${PODS_ROOT}/Manifest.lock\" > /dev/null\nif [ $? != 0 ] ; then\n    # print error to STDERR\n    echo \"error: The sandbox is not in sync with the Podfile.lock. Run 'pod install' or update your CocoaPods installation.\" >&2\n    exit 1\nfi\n";
			showEnvVarsInLog = 0;
		};
		CDA9AEC31D2A40A30F96EA80 /* [CP] Embed Pods Frameworks */ = {
			isa = PBXShellScriptBuildPhase;
			buildActionMask = 2147483647;
			files = (
			);
			inputPaths = (
			);
			name = "[CP] Embed Pods Frameworks";
			outputPaths = (
			);
			runOnlyForDeploymentPostprocessing = 0;
			shellPath = /bin/sh;
			shellScript = "\"${SRCROOT}/Pods/Target Support Files/Pods-iOSDecalAppPrototypeTests/Pods-iOSDecalAppPrototypeTests-frameworks.sh\"\n";
			showEnvVarsInLog = 0;
		};
/* End PBXShellScriptBuildPhase section */

/* Begin PBXSourcesBuildPhase section */
		180D41D21E82333F007BD3FC /* Sources */ = {
			isa = PBXSourcesBuildPhase;
			buildActionMask = 2147483647;
			files = (
				180D41DC1E82333F007BD3FC /* ViewController.swift in Sources */,
				180D41DA1E82333F007BD3FC /* AppDelegate.swift in Sources */,
			);
			runOnlyForDeploymentPostprocessing = 0;
		};
		180D41E61E82333F007BD3FC /* Sources */ = {
			isa = PBXSourcesBuildPhase;
			buildActionMask = 2147483647;
			files = (
				180D41EF1E82333F007BD3FC /* iOSDecalAppPrototypeTests.swift in Sources */,
			);
			runOnlyForDeploymentPostprocessing = 0;
		};
/* End PBXSourcesBuildPhase section */

/* Begin PBXTargetDependency section */
		180D41EC1E82333F007BD3FC /* PBXTargetDependency */ = {
			isa = PBXTargetDependency;
			target = 180D41D51E82333F007BD3FC /* iOSDecalAppPrototype */;
			targetProxy = 180D41EB1E82333F007BD3FC /* PBXContainerItemProxy */;
		};
/* End PBXTargetDependency section */

/* Begin PBXVariantGroup section */
		180D41DD1E82333F007BD3FC /* Main.storyboard */ = {
			isa = PBXVariantGroup;
			children = (
				180D41DE1E82333F007BD3FC /* Base */,
			);
			name = Main.storyboard;
			sourceTree = "<group>";
		};
		180D41E21E82333F007BD3FC /* LaunchScreen.storyboard */ = {
			isa = PBXVariantGroup;
			children = (
				180D41E31E82333F007BD3FC /* Base */,
			);
			name = LaunchScreen.storyboard;
			sourceTree = "<group>";
		};
/* End PBXVariantGroup section */

/* Begin XCBuildConfiguration section */
		180D41F11E82333F007BD3FC /* Debug */ = {
			isa = XCBuildConfiguration;
			buildSettings = {
				ALWAYS_SEARCH_USER_PATHS = NO;
				CLANG_ANALYZER_NONNULL = YES;
				CLANG_CXX_LANGUAGE_STANDARD = "gnu++0x";
				CLANG_CXX_LIBRARY = "libc++";
				CLANG_ENABLE_MODULES = YES;
				CLANG_ENABLE_OBJC_ARC = YES;
				CLANG_WARN_BOOL_CONVERSION = YES;
				CLANG_WARN_CONSTANT_CONVERSION = YES;
				CLANG_WARN_DIRECT_OBJC_ISA_USAGE = YES_ERROR;
				CLANG_WARN_DOCUMENTATION_COMMENTS = YES;
				CLANG_WARN_EMPTY_BODY = YES;
				CLANG_WARN_ENUM_CONVERSION = YES;
				CLANG_WARN_INFINITE_RECURSION = YES;
				CLANG_WARN_INT_CONVERSION = YES;
				CLANG_WARN_OBJC_ROOT_CLASS = YES_ERROR;
				CLANG_WARN_SUSPICIOUS_MOVE = YES;
				CLANG_WARN_UNREACHABLE_CODE = YES;
				CLANG_WARN__DUPLICATE_METHOD_MATCH = YES;
				"CODE_SIGN_IDENTITY[sdk=iphoneos*]" = "iPhone Developer";
				COPY_PHASE_STRIP = NO;
				DEBUG_INFORMATION_FORMAT = dwarf;
				ENABLE_STRICT_OBJC_MSGSEND = YES;
				ENABLE_TESTABILITY = YES;
				GCC_C_LANGUAGE_STANDARD = gnu99;
				GCC_DYNAMIC_NO_PIC = NO;
				GCC_NO_COMMON_BLOCKS = YES;
				GCC_OPTIMIZATION_LEVEL = 0;
				GCC_PREPROCESSOR_DEFINITIONS = (
					"DEBUG=1",
					"$(inherited)",
				);
				GCC_WARN_64_TO_32_BIT_CONVERSION = YES;
				GCC_WARN_ABOUT_RETURN_TYPE = YES_ERROR;
				GCC_WARN_UNDECLARED_SELECTOR = YES;
				GCC_WARN_UNINITIALIZED_AUTOS = YES_AGGRESSIVE;
				GCC_WARN_UNUSED_FUNCTION = YES;
				GCC_WARN_UNUSED_VARIABLE = YES;
				IPHONEOS_DEPLOYMENT_TARGET = 10.2;
				MTL_ENABLE_DEBUG_INFO = YES;
				ONLY_ACTIVE_ARCH = YES;
				SDKROOT = iphoneos;
				SWIFT_ACTIVE_COMPILATION_CONDITIONS = DEBUG;
				SWIFT_OPTIMIZATION_LEVEL = "-Onone";
				TARGETED_DEVICE_FAMILY = "1,2";
			};
			name = Debug;
		};
		180D41F21E82333F007BD3FC /* Release */ = {
			isa = XCBuildConfiguration;
			buildSettings = {
				ALWAYS_SEARCH_USER_PATHS = NO;
				CLANG_ANALYZER_NONNULL = YES;
				CLANG_CXX_LANGUAGE_STANDARD = "gnu++0x";
				CLANG_CXX_LIBRARY = "libc++";
				CLANG_ENABLE_MODULES = YES;
				CLANG_ENABLE_OBJC_ARC = YES;
				CLANG_WARN_BOOL_CONVERSION = YES;
				CLANG_WARN_CONSTANT_CONVERSION = YES;
				CLANG_WARN_DIRECT_OBJC_ISA_USAGE = YES_ERROR;
				CLANG_WARN_DOCUMENTATION_COMMENTS = YES;
				CLANG_WARN_EMPTY_BODY = YES;
				CLANG_WARN_ENUM_CONVERSION = YES;
				CLANG_WARN_INFINITE_RECURSION = YES;
				CLANG_WARN_INT_CONVERSION = YES;
				CLANG_WARN_OBJC_ROOT_CLASS = YES_ERROR;
				CLANG_WARN_SUSPICIOUS_MOVE = YES;
				CLANG_WARN_UNREACHABLE_CODE = YES;
				CLANG_WARN__DUPLICATE_METHOD_MATCH = YES;
				"CODE_SIGN_IDENTITY[sdk=iphoneos*]" = "iPhone Developer";
				COPY_PHASE_STRIP = NO;
				DEBUG_INFORMATION_FORMAT = "dwarf-with-dsym";
				ENABLE_NS_ASSERTIONS = NO;
				ENABLE_STRICT_OBJC_MSGSEND = YES;
				GCC_C_LANGUAGE_STANDARD = gnu99;
				GCC_NO_COMMON_BLOCKS = YES;
				GCC_WARN_64_TO_32_BIT_CONVERSION = YES;
				GCC_WARN_ABOUT_RETURN_TYPE = YES_ERROR;
				GCC_WARN_UNDECLARED_SELECTOR = YES;
				GCC_WARN_UNINITIALIZED_AUTOS = YES_AGGRESSIVE;
				GCC_WARN_UNUSED_FUNCTION = YES;
				GCC_WARN_UNUSED_VARIABLE = YES;
				IPHONEOS_DEPLOYMENT_TARGET = 10.2;
				MTL_ENABLE_DEBUG_INFO = NO;
				SDKROOT = iphoneos;
				SWIFT_OPTIMIZATION_LEVEL = "-Owholemodule";
				TARGETED_DEVICE_FAMILY = "1,2";
				VALIDATE_PRODUCT = YES;
			};
			name = Release;
		};
		180D41F41E82333F007BD3FC /* Debug */ = {
			isa = XCBuildConfiguration;
			baseConfigurationReference = B435581A068D1D73282DB80C /* Pods-iOSDecalAppPrototype.debug.xcconfig */;
			buildSettings = {
				ASSETCATALOG_COMPILER_APPICON_NAME = AppIcon;
				INFOPLIST_FILE = iOSDecalAppPrototype/Info.plist;
				LD_RUNPATH_SEARCH_PATHS = "$(inherited) @executable_path/Frameworks";
				PRODUCT_BUNDLE_IDENTIFIER = com.example.iOSDecalAppPrototype;
				PRODUCT_NAME = "$(TARGET_NAME)";
				SWIFT_VERSION = 3.0;
			};
			name = Debug;
		};
		180D41F51E82333F007BD3FC /* Release */ = {
			isa = XCBuildConfiguration;
			baseConfigurationReference = 256AECD2CA12FEC458FBEA88 /* Pods-iOSDecalAppPrototype.release.xcconfig */;
			buildSettings = {
				ASSETCATALOG_COMPILER_APPICON_NAME = AppIcon;
				INFOPLIST_FILE = iOSDecalAppPrototype/Info.plist;
				LD_RUNPATH_SEARCH_PATHS = "$(inherited) @executable_path/Frameworks";
				PRODUCT_BUNDLE_IDENTIFIER = com.example.iOSDecalAppPrototype;
				PRODUCT_NAME = "$(TARGET_NAME)";
				SWIFT_VERSION = 3.0;
			};
			name = Release;
		};
		180D41F71E82333F007BD3FC /* Debug */ = {
			isa = XCBuildConfiguration;
			baseConfigurationReference = B299424D56F560026563F3C7 /* Pods-iOSDecalAppPrototypeTests.debug.xcconfig */;
			buildSettings = {
				ALWAYS_EMBED_SWIFT_STANDARD_LIBRARIES = YES;
				BUNDLE_LOADER = "$(TEST_HOST)";
				INFOPLIST_FILE = iOSDecalAppPrototypeTests/Info.plist;
				LD_RUNPATH_SEARCH_PATHS = "$(inherited) @executable_path/Frameworks @loader_path/Frameworks";
				PRODUCT_BUNDLE_IDENTIFIER = com.example.iOSDecalAppPrototypeTests;
				PRODUCT_NAME = "$(TARGET_NAME)";
				SWIFT_VERSION = 3.0;
				TEST_HOST = "$(BUILT_PRODUCTS_DIR)/iOSDecalAppPrototype.app/iOSDecalAppPrototype";
			};
			name = Debug;
		};
		180D41F81E82333F007BD3FC /* Release */ = {
			isa = XCBuildConfiguration;
			baseConfigurationReference = 49783616C41908B5BFD934B8 /* Pods-iOSDecalAppPrototypeTests.release.xcconfig */;
			buildSettings = {
				ALWAYS_EMBED_SWIFT_STANDARD_LIBRARIES = YES;
				BUNDLE_LOADER = "$(TEST_HOST)";
				INFOPLIST_FILE = iOSDecalAppPrototypeTests/Info.plist;
				LD_RUNPATH_SEARCH_PATHS = "$(inherited) @executable_path/Frameworks @loader_path/Frameworks";
				PRODUCT_BUNDLE_IDENTIFIER = com.example.iOSDecalAppPrototypeTests;
				PRODUCT_NAME = "$(TARGET_NAME)";
				SWIFT_VERSION = 3.0;
				TEST_HOST = "$(BUILT_PRODUCTS_DIR)/iOSDecalAppPrototype.app/iOSDecalAppPrototype";
			};
			name = Release;
		};
/* End XCBuildConfiguration section */

/* Begin XCConfigurationList section */
		180D41D11E82333F007BD3FC /* Build configuration list for PBXProject "iOSDecalAppPrototype" */ = {
			isa = XCConfigurationList;
			buildConfigurations = (
				180D41F11E82333F007BD3FC /* Debug */,
				180D41F21E82333F007BD3FC /* Release */,
			);
			defaultConfigurationIsVisible = 0;
			defaultConfigurationName = Release;
		};
		180D41F31E82333F007BD3FC /* Build configuration list for PBXNativeTarget "iOSDecalAppPrototype" */ = {
			isa = XCConfigurationList;
			buildConfigurations = (
				180D41F41E82333F007BD3FC /* Debug */,
				180D41F51E82333F007BD3FC /* Release */,
			);
			defaultConfigurationIsVisible = 0;
		};
		180D41F61E82333F007BD3FC /* Build configuration list for PBXNativeTarget "iOSDecalAppPrototypeTests" */ = {
			isa = XCConfigurationList;
			buildConfigurations = (
				180D41F71E82333F007BD3FC /* Debug */,
				180D41F81E82333F007BD3FC /* Release */,
			);
			defaultConfigurationIsVisible = 0;
		};
/* End XCConfigurationList section */
	};
	rootObject = 180D41CE1E82333F007BD3FC /* Project object */;
}
